
Microsoft Visual Studio Solution File, Format Version 12.00
# Visual Studio 15
VisualStudioVersion = 15.0.28307.757
MinimumVisualStudioVersion = 10.0.40219.1
Project("{2150E333-8FDC-42A3-9474-1A3956D46DE8}") = "Transversal", "Transversal", "{BD342ECD-59DA-411C-AFE7-FE6E1548B76B}"
EndProject
Project("{2150E333-8FDC-42A3-9474-1A3956D46DE8}") = "Aplicacion", "Aplicacion", "{8BB4FA3E-C99E-4155-BE62-2E3C0837FEF9}"
EndProject
Project("{2150E333-8FDC-42A3-9474-1A3956D46DE8}") = "Dominio", "Dominio", "{DA754933-8F50-487F-B749-A2E8D482FA58}"
EndProject
Project("{2150E333-8FDC-42A3-9474-1A3956D46DE8}") = "Infraestructura", "Infraestructura", "{95FE6E1A-C367-4B28-A861-6EFA8AA85C03}"
EndProject
Project("{9A19103F-16F7-4668-BE54-9A1E7A4F7556}") = "Infrastructure.Interface", "Infrastructure.Interface\Infrastructure.Interface.csproj", "{ADFB1A8C-EF9A-44E9-9BAA-C48F5C90728C}"
EndProject
Project("{9A19103F-16F7-4668-BE54-9A1E7A4F7556}") = "Domain.Entity", "Domain.Entity\Domain.Entity.csproj", "{28443B26-42D2-4EB2-9307-3FE77A8BDE7A}"
EndProject
Project("{9A19103F-16F7-4668-BE54-9A1E7A4F7556}") = "Application.DTO", "Application.DTO\Application.DTO.csproj", "{E40144C2-FE70-4A0A-A6A1-A483F23C983B}"
EndProject
Project("{9A19103F-16F7-4668-BE54-9A1E7A4F7556}") = "Infrastructure.Repository", "Infrastructure.Repository\Infrastructure.Repository.csproj", "{AE92013A-65E7-4730-A0C1-AAF3267159C2}"
EndProject
Project("{9A19103F-16F7-4668-BE54-9A1E7A4F7556}") = "Domain.Interface", "Domain.Interface\Domain.Interface.csproj", "{727C5349-9190-4A7C-86AA-F8F7468BB00E}"
EndProject
Project("{9A19103F-16F7-4668-BE54-9A1E7A4F7556}") = "Domain.Core", "Domain.Core\Domain.Core.csproj", "{EED5E77A-0895-487A-BBB1-9DAA5DC6C514}"
EndProject
Project("{9A19103F-16F7-4668-BE54-9A1E7A4F7556}") = "Application.Interface", "Application.Interface\Application.Interface.csproj", "{DBDDA0AD-1FB8-4792-B797-A1041912C43C}"
EndProject
Project("{9A19103F-16F7-4668-BE54-9A1E7A4F7556}") = "Application.Main", "Application.main\Application.Main.csproj", "{7FED5B83-A691-4FB2-A032-64C5E3F255B4}"
EndProject
Project("{9A19103F-16F7-4668-BE54-9A1E7A4F7556}") = "Infrastructure.Data", "Infrastructure.Data\Infrastructure.Data.csproj", "{E2F6810C-B716-43F3-8A1B-F1D44A7982D3}"
EndProject
Project("{9A19103F-16F7-4668-BE54-9A1E7A4F7556}") = "Transversal.Mapper", "Transversal.Mapper\Transversal.Mapper.csproj", "{3BB150F3-AF17-474C-AD76-1341B214C071}"
EndProject
Project("{2150E333-8FDC-42A3-9474-1A3956D46DE8}") = "Servicio", "Servicio", "{58A36FBA-B46B-4EA1-B4FA-A74481838BB9}"
EndProject
Project("{9A19103F-16F7-4668-BE54-9A1E7A4F7556}") = "Transversal.Common", "Transversal.Common\Transversal.Common.csproj", "{1CDCB315-0612-4BB5-8320-584843DF3D95}"
EndProject
Project("{FAE04EC0-301F-11D3-BF4B-00C04F79EFBC}") = "Services.WebApi", "Services.WebApi\Services.WebApi.csproj", "{2E39D851-71BE-4C17-BBB5-D672E5FDFDF6}"
EndProject
Global
	GlobalSection(SolutionConfigurationPlatforms) = preSolution
		Debug|Any CPU = Debug|Any CPU
		Release|Any CPU = Release|Any CPU
	EndGlobalSection
	GlobalSection(ProjectConfigurationPlatforms) = postSolution
		{ADFB1A8C-EF9A-44E9-9BAA-C48F5C90728C}.Debug|Any CPU.ActiveCfg = Debug|Any CPU
		{ADFB1A8C-EF9A-44E9-9BAA-C48F5C90728C}.Debug|Any CPU.Build.0 = Debug|Any CPU
		{ADFB1A8C-EF9A-44E9-9BAA-C48F5C90728C}.Release|Any CPU.ActiveCfg = Release|Any CPU
		{ADFB1A8C-EF9A-44E9-9BAA-C48F5C90728C}.Release|Any CPU.Build.0 = Release|Any CPU
		{28443B26-42D2-4EB2-9307-3FE77A8BDE7A}.Debug|Any CPU.ActiveCfg = Debug|Any CPU
		{28443B26-42D2-4EB2-9307-3FE77A8BDE7A}.Debug|Any CPU.Build.0 = Debug|Any CPU
		{28443B26-42D2-4EB2-9307-3FE77A8BDE7A}.Release|Any CPU.ActiveCfg = Release|Any CPU
		{28443B26-42D2-4EB2-9307-3FE77A8BDE7A}.Release|Any CPU.Build.0 = Release|Any CPU
		{E40144C2-FE70-4A0A-A6A1-A483F23C983B}.Debug|Any CPU.ActiveCfg = Debug|Any CPU
		{E40144C2-FE70-4A0A-A6A1-A483F23C983B}.Debug|Any CPU.Build.0 = Debug|Any CPU
		{E40144C2-FE70-4A0A-A6A1-A483F23C983B}.Release|Any CPU.ActiveCfg = Release|Any CPU
		{E40144C2-FE70-4A0A-A6A1-A483F23C983B}.Release|Any CPU.Build.0 = Release|Any CPU
		{AE92013A-65E7-4730-A0C1-AAF3267159C2}.Debug|Any CPU.ActiveCfg = Debug|Any CPU
		{AE92013A-65E7-4730-A0C1-AAF3267159C2}.Debug|Any CPU.Build.0 = Debug|Any CPU
		{AE92013A-65E7-4730-A0C1-AAF3267159C2}.Release|Any CPU.ActiveCfg = Release|Any CPU
		{AE92013A-65E7-4730-A0C1-AAF3267159C2}.Release|Any CPU.Build.0 = Release|Any CPU
		{727C5349-9190-4A7C-86AA-F8F7468BB00E}.Debug|Any CPU.ActiveCfg = Debug|Any CPU
		{727C5349-9190-4A7C-86AA-F8F7468BB00E}.Debug|Any CPU.Build.0 = Debug|Any CPU
		{727C5349-9190-4A7C-86AA-F8F7468BB00E}.Release|Any CPU.ActiveCfg = Release|Any CPU
		{727C5349-9190-4A7C-86AA-F8F7468BB00E}.Release|Any CPU.Build.0 = Release|Any CPU
		{EED5E77A-0895-487A-BBB1-9DAA5DC6C514}.Debug|Any CPU.ActiveCfg = Debug|Any CPU
		{EED5E77A-0895-487A-BBB1-9DAA5DC6C514}.Debug|Any CPU.Build.0 = Debug|Any CPU
		{EED5E77A-0895-487A-BBB1-9DAA5DC6C514}.Release|Any CPU.ActiveCfg = Release|Any CPU
		{EED5E77A-0895-487A-BBB1-9DAA5DC6C514}.Release|Any CPU.Build.0 = Release|Any CPU
		{DBDDA0AD-1FB8-4792-B797-A1041912C43C}.Debug|Any CPU.ActiveCfg = Debug|Any CPU
		{DBDDA0AD-1FB8-4792-B797-A1041912C43C}.Debug|Any CPU.Build.0 = Debug|Any CPU
		{DBDDA0AD-1FB8-4792-B797-A1041912C43C}.Release|Any CPU.ActiveCfg = Release|Any CPU
		{DBDDA0AD-1FB8-4792-B797-A1041912C43C}.Release|Any CPU.Build.0 = Release|Any CPU
		{7FED5B83-A691-4FB2-A032-64C5E3F255B4}.Debug|Any CPU.ActiveCfg = Debug|Any CPU
		{7FED5B83-A691-4FB2-A032-64C5E3F255B4}.Debug|Any CPU.Build.0 = Debug|Any CPU
		{7FED5B83-A691-4FB2-A032-64C5E3F255B4}.Release|Any CPU.ActiveCfg = Release|Any CPU
		{7FED5B83-A691-4FB2-A032-64C5E3F255B4}.Release|Any CPU.Build.0 = Release|Any CPU
		{E2F6810C-B716-43F3-8A1B-F1D44A7982D3}.Debug|Any CPU.ActiveCfg = Debug|Any CPU
		{E2F6810C-B716-43F3-8A1B-F1D44A7982D3}.Debug|Any CPU.Build.0 = Debug|Any CPU
		{E2F6810C-B716-43F3-8A1B-F1D44A7982D3}.Release|Any CPU.ActiveCfg = Release|Any CPU
		{E2F6810C-B716-43F3-8A1B-F1D44A7982D3}.Release|Any CPU.Build.0 = Release|Any CPU
		{3BB150F3-AF17-474C-AD76-1341B214C071}.Debug|Any CPU.ActiveCfg = Debug|Any CPU
		{3BB150F3-AF17-474C-AD76-1341B214C071}.Debug|Any CPU.Build.0 = Debug|Any CPU
		{3BB150F3-AF17-474C-AD76-1341B214C071}.Release|Any CPU.ActiveCfg = Release|Any CPU
		{3BB150F3-AF17-474C-AD76-1341B214C071}.Release|Any CPU.Build.0 = Release|Any CPU
		{1CDCB315-0612-4BB5-8320-584843DF3D95}.Debug|Any CPU.ActiveCfg = Debug|Any CPU
		{1CDCB315-0612-4BB5-8320-584843DF3D95}.Debug|Any CPU.Build.0 = Debug|Any CPU
		{1CDCB315-0612-4BB5-8320-584843DF3D95}.Release|Any CPU.ActiveCfg = Release|Any CPU
		{1CDCB315-0612-4BB5-8320-584843DF3D95}.Release|Any CPU.Build.0 = Release|Any CPU
		{2E39D851-71BE-4C17-BBB5-D672E5FDFDF6}.Debug|Any CPU.ActiveCfg = Debug|Any CPU
		{2E39D851-71BE-4C17-BBB5-D672E5FDFDF6}.Debug|Any CPU.Build.0 = Debug|Any CPU
		{2E39D851-71BE-4C17-BBB5-D672E5FDFDF6}.Release|Any CPU.ActiveCfg = Release|Any CPU
		{2E39D851-71BE-4C17-BBB5-D672E5FDFDF6}.Release|Any CPU.Build.0 = Release|Any CPU
	EndGlobalSection
	GlobalSection(SolutionProperties) = preSolution
		HideSolutionNode = FALSE
	EndGlobalSection
	GlobalSection(NestedProjects) = preSolution
		{ADFB1A8C-EF9A-44E9-9BAA-C48F5C90728C} = {95FE6E1A-C367-4B28-A861-6EFA8AA85C03}
		{28443B26-42D2-4EB2-9307-3FE77A8BDE7A} = {DA754933-8F50-487F-B749-A2E8D482FA58}
		{E40144C2-FE70-4A0A-A6A1-A483F23C983B} = {8BB4FA3E-C99E-4155-BE62-2E3C0837FEF9}
		{AE92013A-65E7-4730-A0C1-AAF3267159C2} = {95FE6E1A-C367-4B28-A861-6EFA8AA85C03}
		{727C5349-9190-4A7C-86AA-F8F7468BB00E} = {DA754933-8F50-487F-B749-A2E8D482FA58}
		{EED5E77A-0895-487A-BBB1-9DAA5DC6C514} = {DA754933-8F50-487F-B749-A2E8D482FA58}
		{DBDDA0AD-1FB8-4792-B797-A1041912C43C} = {8BB4FA3E-C99E-4155-BE62-2E3C0837FEF9}
		{7FED5B83-A691-4FB2-A032-64C5E3F255B4} = {8BB4FA3E-C99E-4155-BE62-2E3C0837FEF9}
		{E2F6810C-B716-43F3-8A1B-F1D44A7982D3} = {95FE6E1A-C367-4B28-A861-6EFA8AA85C03}
		{3BB150F3-AF17-474C-AD76-1341B214C071} = {BD342ECD-59DA-411C-AFE7-FE6E1548B76B}
		{1CDCB315-0612-4BB5-8320-584843DF3D95} = {BD342ECD-59DA-411C-AFE7-FE6E1548B76B}
		{2E39D851-71BE-4C17-BBB5-D672E5FDFDF6} = {58A36FBA-B46B-4EA1-B4FA-A74481838BB9}
	EndGlobalSection
	GlobalSection(ExtensibilityGlobals) = postSolution
		SolutionGuid = {C543C067-C065-4634-B1C5-EC87A581B4A1}
	EndGlobalSection
EndGlobal
